github.com/Masterminds/squirrel v1.5.0/go.mod h1:NNaOrjSoIDfDA40n7sr2tPNZRfjzjA400rg+riTZj10=
github.com/adamlouis/squirrelbyte/server v0.0.0-20210424220020-53dae22926d5 h1:g2HR+lvxqGKYdWwVjuLBe5/A2Ze8wi4aM2/dREyCUj4=
github.com/adamlouis/squirrelbyte/server v0.0.0-20210424220020-53dae22926d5/go.mod h1:+106XxJdvN1xE5biN/GOODtwmr6Wf8DklQUS7pItNeA=
github.com/adamlouis/squirrelbyte/server v0.0.0-20210425173057-f093ed1a6572 h1:QIbGf/vRf5pIJGQ2lapdbG0Y1J5IUfDX6GZdD1gmgCQ=
github.com/adamlouis/squirrelbyte/server v0.0.0-20210425173057-f093ed1a6572/go.mod h1:+106XxJdvN1xE5biN/GOODtwmr6Wf8DklQUS7pItNeA=
github.com/adamlouis/squirrelbyte/server v0.0.0-20210425175253-6e88ed521e5c h1:Ac6p7cLuVQANTJYjUJtEB6lDeknGWT/9WvwJpwI4gsI=
github.com/adamlouis/squirrelbyte/server v0.0.0-20210425175253-6e88ed521e5c/go.mod h1:+106XxJdvN1xE5biN/GOODtwmr6Wf8DklQUS7pItNeA=
github.com/adamlouis/squirrelbyte/server v0.0.0-20210425180536-59e2bf32bcb7 h1:S59pkJQ7h8PpZJL5erp+UzsCJObR4fs5g5+hL+8QjCo=
github.com/adamlouis/squirrelbyte/server v0.0.0-20210425180536-59e2bf32bcb7/go.mod h1:+106XxJdvN1xE5biN/GOODtwmr6Wf8DklQUS7pItNeA=
github.com/adamlouis/squirrelbyte/server v0.0.0-20210425181204-ddf094cd557a h1:xN4nuVphH9dyOlfEY4530GQ1P1JAn+Jk8S2ElQepVZU=
github.com/adamlouis/squirrelbyte/server v0.0.0-20210425181204-ddf094cd557a/go.mod h1:+106XxJdvN1xE5biN/GOODtwmr6Wf8DklQUS7pItNeA=
github.com/adamlouis/squirrelbyte/server v0.0.0-20210425181650-da5ada7a2e2f h1:yvJch/p9Vfzm5ZRCCRytkJtE8rrXhWm4tDNSx71NGVc=
github.com/adamlouis/squirrelbyte/server v0.0.0-20210425181650-da5ada7a2e2f/go.mod h1:+106XxJdvN1xE5biN/GOODtwmr6Wf8DklQUS7pItNeA=
github.com/adamlouis/squirrelbyte/server v0.0.0-20210425182426-11ce12a2082d h1:xI0iecQawlOdv8jBAxRZ7kPWt4KRQMV0DhPqkTtqylc=
github.com/adamlouis/squirrelbyte/server v0.0.0-20210425182426-11ce12a2082d/go.mod h1:+106XxJdvN1xE5biN/GOODtwmr6Wf8DklQUS7pItNeA=
github.com/adamlouis/squirrelbyte/server v0.0.0-20210426002435-d61558c58041 h1:jJmqTGgGSICKA/BIu43+Z95QhQ+f9tf3PVzMvLSkDsc=
github.com/adamlouis/squirrelbyte/server v0.0.0-20210426002435-d61558c58041/go.mod h1:+106XxJdvN1xE5biN/GOODtwmr6Wf8DklQUS7pItNeA=
github.com/adamlouis/squirrelbyte/server v0.0.0-20210426041544-0604610123a1 h1:vYswhMLUMkCBfIGJ4b5ySOMX6DLe/MsZEWoocukbBdU=
github.com/adamlouis/squirrelbyte/server v0.0.0-20210426041544-0604610123a1/go.mod h1:+106XxJdvN1xE5biN/GOODtwmr6Wf8DklQUS7pItNeA=
github.com/adamlouis/squirrelbyte/server v0.0.0-20210426043209-59e1e65e9381 h1:IKLi6bzcspQBbuYuZPibLiIzi+U6kc1w29BHM5wz/5w=
github.com/adamlouis/squirrelbyte/server v0.0.0-20210426043209-59e1e65e9381/go.mod h1:+106XxJdvN1xE5biN/GOODtwmr6Wf8DklQUS7pItNeA=
github.com/adamlouis/squirrelbyte/server v0.0.0-20210426085826-02ac82d695c6 h1:czfTr+WUSHHmsKblAfiAA6t4t038dTEBxYt2OrKiKww=
github.com/adamlouis/squirrelbyte/server v0.0.0-20210426085826-02ac82d695c6/go.mod h1:+106XxJdvN1xE5biN/GOODtwmr6Wf8DklQUS7pItNeA=
github.com/adamlouis/squirrelbyte/server v0.0.0-20210426091228-fd1b7b25d7b9 h1:vPV1rdsiw5rCTTePqxMCz9dYShH6gG9pgCLx3kT4CYw=
github.com/adamlouis/squirrelbyte/server v0.0.0-20210426091228-fd1b7b25d7b9/go.mod h1:+106XxJdvN1xE5biN/GOODtwmr6Wf8DklQUS7pItNeA=
github.com/davecgh/go-spew v1.1.1/go.mod h1:J7Y8YcW2NihsgmVo/mv3lAwl/skON4iLHjSsI+c5H38=
github.com/go-sql-driver/mysql v1.5.0/go.mod h1:DCzpHaOWr8IXmIStZouvnhqoel9Qv2LBy8hT2VhHyBg=
github.com/google/uuid v1.2.0/go.mod h1:TIyPZe4MgqvfeYDBFedMoGGpEw/LqOeaOT+nhxU+yHo=
github.com/gorilla/mux v1.8.0/go.mod h1:DVbg23sWSpFRCP0SfiEN6jmj59UnW/n46BH5rLB71So=
github.com/jmoiron/sqlx v1.3.1/go.mod h1:2BljVx/86SuTyjE+aPYlHCTNvZrnJXghYGpNiXLBMCQ=
github.com/joho/godotenv v1.3.0/go.mod h1:7hK45KPybAkOC6peb+G5yklZfMxEjkZhHbwpqxOKXbg=
github.com/lann/builder v0.0.0-20180802200727-47ae307949d0/go.mod h1:dXGbAdH5GtBTC4WfIxhKZfyBF/HBFgRZSWwZ9g/He9o=
github.com/lann/ps v0.0.0-20150810152359-62de8c46ede0/go.mod h1:vmVJ0l/dxyfGW6FmdpVm2joNMFikkuWg0EoCKLGUMNw=
github.com/lib/pq v1.2.0/go.mod h1:5WUZQaWbwv1U+lTReE5YruASi9Al49XbQIvNi/34Woo=
github.com/mattn/go-sqlite3 v1.14.6/go.mod h1:NyWgC/yNuGj7Q9rpYnZvas74GogHl5/Z4A/KQRfk6bU=
github.com/pmezard/go-difflib v1.0.0/go.mod h1:iKH77koFhYxTK1pcRnkKkqfTogsbg7gZNVY4sRDYZ/4=
github.com/stretchr/testify v1.2.2/go.mod h1:a8OnRcib4nhh0OaRAV+Yts87kKdq0PP7pXfy6kDkUVs=
